
Microsoft Visual Studio Solution File, Format Version 12.00
# Visual Studio Version 16
VisualStudioVersion = 16.0.31702.278
MinimumVisualStudioVersion = 10.0.40219.1
Project("{8BC9CEB8-8B4A-11D0-8D11-00A0C91BC942}") = "LabSheet2PartC", "LabSheet2PartC.vcxproj", "{6806F50A-AB2A-46FD-9510-EE9F2C1A61E8}"
EndProject
Global
	GlobalSection(SolutionConfigurationPlatforms) = preSolution
		Debug|x64 = Debug|x64
		Debug|x86 = Debug|x86
		Release|x64 = Release|x64
		Release|x86 = Release|x86
	EndGlobalSection
	GlobalSection(ProjectConfigurationPlatforms) = postSolution
		{6806F50A-AB2A-46FD-9510-EE9F2C1A61E8}.Debug|x64.ActiveCfg = Debug|x64
		{6806F50A-AB2A-46FD-9510-EE9F2C1A61E8}.Debug|x64.Build.0 = Debug|x64
		{6806F50A-AB2A-46FD-9510-EE9F2C1A61E8}.Debug|x86.ActiveCfg = Debug|Win32
		{6806F50A-AB2A-46FD-9510-EE9F2C1A61E8}.Debug|x86.Build.0 = Debug|Win32
		{6806F50A-AB2A-46FD-9510-EE9F2C1A61E8}.Release|x64.ActiveCfg = Release|x64
		{6806F50A-AB2A-46FD-9510-EE9F2C1A61E8}.Release|x64.Build.0 = Release|x64
		{6806F50A-AB2A-46FD-9510-EE9F2C1A61E8}.Release|x86.ActiveCfg = Release|Win32
		{6806F50A-AB2A-46FD-9510-EE9F2C1A61E8}.Release|x86.Build.0 = Release|Win32
	EndGlobalSection
	GlobalSection(SolutionProperties) = preSolution
		HideSolutionNode = FALSE
	EndGlobalSection
	GlobalSection(ExtensibilityGlobals) = postSolution
		SolutionGuid = {5829DB8E-27CC-4E34-B7CF-F767B1A0D191}
	EndGlobalSection
EndGlobal
